{
    "lockfile_version": "1.0",
    "created_at": "2026-08-10T19:06:05.676514+08:00",
    "invocation": {
        "command": "main.py",
        "args": [
            "runs",
            "create",
            "--dataset-path",
            "D:\\LLM\\terminal-bench\\original-tasks",
            "--task-id",
            "hello-world",
            "--agent-import-path",
            "terminal_bench_adapter:MiniClaudeCodeAgent",
            "--n-concurrent",
            "1",
            "--n-attempts",
            "1",
            "--output-path",
            "runs",
            "--run-id",
            "mini_smoke_windows_2",
            "--global-agent-timeout-sec",
            "60",
            "--global-test-timeout-sec",
            "60",
            "--no-upload-results",
            "--log-level",
            "debug"
        ]
    },
    "harness": {
        "package": "terminal-bench",
        "version": "0.2.18",
        "is_editable_installation": true
    },
    "agent": {
        "name": "mini-claude-code-cli",
        "import_path": "terminal_bench_adapter:MiniClaudeCodeTerminalBenchAgent",
        "model_name": null,
        "extra_kwargs": {
            "no_rebuild": false
        }
    },
    "run_config": {
        "log_level": "debug",
        "livestream": false,
        "n_concurrent_trials": 1,
        "n_attempts": 1,
        "no_rebuild": false,
        "cleanup": true,
        "global_timeout_multiplier": 1.0,
        "global_agent_timeout_sec": 60.0,
        "global_test_timeout_sec": 60.0
    },
    "dataset": {
        "name": null,
        "version": null,
        "local_path": "D:\\LLM\\terminal-bench\\original-tasks",
        "task_ids": [
            "hello-world"
        ],
        "registry_url": null,
        "local_registry_path": null
    },
    "local_config": {
        "output_path": "runs",
        "run_id": "mini_smoke_windows_2",
        "upload_results": false
    }
}