{
    "lockfile_version": "1.0",
    "created_at": "2026-09-04T07:29:37.458067+08:00",
    "invocation": {
        "command": "tb",
        "args": [
            "run",
            "--agent-import-path",
            "terminal_bench_adapter:MiniClaudeCodeAgent",
            "--dataset-path",
            "terminal-bench/original-tasks",
            "--agent-kwarg",
            "max_turns=10",
            "--global-agent-timeout-sec",
            "900",
            "--global-test-timeout-sec",
            "600",
            "--task-id",
            "huarong-dao-solver",
            "--output-path",
            "./eval_runs_test"
        ]
    },
    "harness": {
        "package": "terminal-bench",
        "version": "0.2.18",
        "is_editable_installation": false
    },
    "agent": {
        "name": "mini-claude-code-cli",
        "import_path": "terminal_bench_adapter:MiniClaudeCodeTerminalBenchAgent",
        "model_name": null,
        "extra_kwargs": {
            "no_rebuild": false,
            "max_turns": 10
        }
    },
    "run_config": {
        "log_level": "info",
        "livestream": false,
        "n_concurrent_trials": 4,
        "n_attempts": 1,
        "no_rebuild": false,
        "cleanup": true,
        "global_timeout_multiplier": 1.0,
        "global_agent_timeout_sec": 900.0,
        "global_test_timeout_sec": 600.0
    },
    "dataset": {
        "name": null,
        "version": null,
        "local_path": "terminal-bench/original-tasks",
        "task_ids": [
            "huarong-dao-solver"
        ],
        "registry_url": null,
        "local_registry_path": null
    },
    "local_config": {
        "output_path": "Mini-CodeAgent-TB/eval_runs_test",
        "run_id": "2026-09-04__07-29-37",
        "upload_results": false
    }
}